{
  "name": "hello-heroku",
  "version": "1.0.0",
  "lockfileVersion": 1,
  "requires": true,
  "dependencies": {
    "compromise": {
      "version": "11.11.0",
      "resolved": "https://registry.npmjs.org/compromise/-/compromise-11.11.0.tgz",
      "integrity": "sha512-xVfMqr21+6ICgPxCLK6lPw2nMy0R5R5dlH1IlbVycaoPDaXfv3a1HspUPTATKWty1bDQt8YEXwAZIrfmgN+lJA==",
      "requires": {
        "efrt-unpack": "2.0.3"
      }
    },
    "efrt-unpack": {
      "version": "2.0.3",
      "resolved": "https://registry.npmjs.org/efrt-unpack/-/efrt-unpack-2.0.3.tgz",
      "integrity": "sha512-ocvMy2FUrwdO8mfbe8abpb9hEC8GqifH5/VONgb9aPNOTakRcJVTaLMBG6TBQ64Y7qEVABIkVA9jacdKJErE+g=="
    }
  }
}
